
Microsoft Visual Studio Solution File, Format Version 12.00
# Visual Studio 15
VisualStudioVersion = 15.0.28010.2048
MinimumVisualStudioVersion = 10.0.40219.1
Project("{FAE04EC0-301F-11D3-BF4B-00C04F79EFBC}") = "Projeto01", "Projeto01\Projeto01.csproj", "{B0C13EA0-97E3-4869-AB3F-95ADC2B4B761}"
EndProject
Project("{FAE04EC0-301F-11D3-BF4B-00C04F79EFBC}") = "Projeto02", "Projeto02\Projeto02.csproj", "{C77DB63E-5BF2-4026-A974-CFCF1CC08FAA}"
EndProject
Global
	GlobalSection(SolutionConfigurationPlatforms) = preSolution
		Debug|Any CPU = Debug|Any CPU
		Release|Any CPU = Release|Any CPU
	EndGlobalSection
	GlobalSection(ProjectConfigurationPlatforms) = postSolution
		{B0C13EA0-97E3-4869-AB3F-95ADC2B4B761}.Debug|Any CPU.ActiveCfg = Debug|Any CPU
		{B0C13EA0-97E3-4869-AB3F-95ADC2B4B761}.Debug|Any CPU.Build.0 = Debug|Any CPU
		{B0C13EA0-97E3-4869-AB3F-95ADC2B4B761}.Release|Any CPU.ActiveCfg = Release|Any CPU
		{B0C13EA0-97E3-4869-AB3F-95ADC2B4B761}.Release|Any CPU.Build.0 = Release|Any CPU
		{C77DB63E-5BF2-4026-A974-CFCF1CC08FAA}.Debug|Any CPU.ActiveCfg = Debug|Any CPU
		{C77DB63E-5BF2-4026-A974-CFCF1CC08FAA}.Debug|Any CPU.Build.0 = Debug|Any CPU
		{C77DB63E-5BF2-4026-A974-CFCF1CC08FAA}.Release|Any CPU.ActiveCfg = Release|Any CPU
		{C77DB63E-5BF2-4026-A974-CFCF1CC08FAA}.Release|Any CPU.Build.0 = Release|Any CPU
	EndGlobalSection
	GlobalSection(SolutionProperties) = preSolution
		HideSolutionNode = FALSE
	EndGlobalSection
	GlobalSection(ExtensibilityGlobals) = postSolution
		SolutionGuid = {244F02DF-063A-4CB0-AC9C-C22E605A0977}
	EndGlobalSection
EndGlobal
